// !$*UTF8*$!
{
	archiveVersion = 1;
	classes = {
	};
	objectVersion = 56;
	objects = {

/* Begin PBXBuildFile section */
		A10000010000000000000001 /* main.m in Sources */ = {isa = PBXBuildFile; fileRef = A20000010000000000000001 /* main.m */; };
		A10000010000000000000002 /* AppDelegate.m in Sources */ = {isa = PBXBuildFile; fileRef = A20000010000000000000003 /* AppDelegate.m */; };
		A10000010000000000000003 /* HTDemoModule.m in Sources */ = {isa = PBXBuildFile; fileRef = A20000010000000000000005 /* HTDemoModule.m */; };
		A10000010000000000000004 /* HTAPIClient.m in Sources */ = {isa = PBXBuildFile; fileRef = A20000010000000000000008 /* HTAPIClient.m */; };
		A10000010000000000000005 /* HTAPIResponse.m in Sources */ = {isa = PBXBuildFile; fileRef = A20000010000000000000010 /* HTAPIResponse.m */; };
		A10000010000000000000006 /* HTPost.m in Sources */ = {isa = PBXBuildFile; fileRef = A20000010000000000000012 /* HTPost.m */; };
		A10000010000000000000007 /* HTPostCell.m in Sources */ = {isa = PBXBuildFile; fileRef = A20000010000000000000014 /* HTPostCell.m */; };
		A10000010000000000000008 /* HTLoadingView.m in Sources */ = {isa = PBXBuildFile; fileRef = A20000010000000000000016 /* HTLoadingView.m */; };
		A10000010000000000000009 /* HTPostListViewController.m in Sources */ = {isa = PBXBuildFile; fileRef = A20000010000000000000018 /* HTPostListViewController.m */; };
		A10000010000000000000010 /* HTPostDetailViewController.m in Sources */ = {isa = PBXBuildFile; fileRef = A20000010000000000000020 /* HTPostDetailViewController.m */; };
		A10000010000000000000011 /* HTPostFormViewController.m in Sources */ = {isa = PBXBuildFile; fileRef = A20000010000000000000022 /* HTPostFormViewController.m */; };
		A10000010000000000000012 /* HTSampleDataProvider.m in Sources */ = {isa = PBXBuildFile; fileRef = A20000010000000000000024 /* HTSampleDataProvider.m */; };
		A10000010000000000000013 /* Assets.xcassets in Resources */ = {isa = PBXBuildFile; fileRef = A20000010000000000000025 /* Assets.xcassets */; };
/* End PBXBuildFile section */

/* Begin PBXFileReference section */
		A20000010000000000000001 /* main.m */ = {isa = PBXFileReference; lastKnownFileType = sourcecode.c.objc; path = main.m; sourceTree = "<group>"; };
		A20000010000000000000002 /* AppDelegate.h */ = {isa = PBXFileReference; lastKnownFileType = sourcecode.c.h; path = AppDelegate.h; sourceTree = "<group>"; };
		A20000010000000000000003 /* AppDelegate.m */ = {isa = PBXFileReference; lastKnownFileType = sourcecode.c.objc; path = AppDelegate.m; sourceTree = "<group>"; };
		A20000010000000000000004 /* HTDemoModule.h */ = {isa = PBXFileReference; lastKnownFileType = sourcecode.c.h; path = HTDemoModule.h; sourceTree = "<group>"; };
		A20000010000000000000005 /* HTDemoModule.m */ = {isa = PBXFileReference; lastKnownFileType = sourcecode.c.objc; path = HTDemoModule.m; sourceTree = "<group>"; };
		A20000010000000000000006 /* HTDemoModuleDelegate.h */ = {isa = PBXFileReference; lastKnownFileType = sourcecode.c.h; path = HTDemoModuleDelegate.h; sourceTree = "<group>"; };
		A20000010000000000000007 /* HTAPIClient.h */ = {isa = PBXFileReference; lastKnownFileType = sourcecode.c.h; path = HTAPIClient.h; sourceTree = "<group>"; };
		A20000010000000000000008 /* HTAPIClient.m */ = {isa = PBXFileReference; lastKnownFileType = sourcecode.c.objc; path = HTAPIClient.m; sourceTree = "<group>"; };
		A20000010000000000000009 /* HTAPIResponse.h */ = {isa = PBXFileReference; lastKnownFileType = sourcecode.c.h; path = HTAPIResponse.h; sourceTree = "<group>"; };
		A20000010000000000000010 /* HTAPIResponse.m */ = {isa = PBXFileReference; lastKnownFileType = sourcecode.c.objc; path = HTAPIResponse.m; sourceTree = "<group>"; };
		A20000010000000000000011 /* HTPost.h */ = {isa = PBXFileReference; lastKnownFileType = sourcecode.c.h; path = HTPost.h; sourceTree = "<group>"; };
		A20000010000000000000012 /* HTPost.m */ = {isa = PBXFileReference; lastKnownFileType = sourcecode.c.objc; path = HTPost.m; sourceTree = "<group>"; };
		A20000010000000000000013 /* HTPostCell.h */ = {isa = PBXFileReference; lastKnownFileType = sourcecode.c.h; path = HTPostCell.h; sourceTree = "<group>"; };
		A20000010000000000000014 /* HTPostCell.m */ = {isa = PBXFileReference; lastKnownFileType = sourcecode.c.objc; path = HTPostCell.m; sourceTree = "<group>"; };
		A20000010000000000000015 /* HTLoadingView.h */ = {isa = PBXFileReference; lastKnownFileType = sourcecode.c.h; path = HTLoadingView.h; sourceTree = "<group>"; };
		A20000010000000000000016 /* HTLoadingView.m */ = {isa = PBXFileReference; lastKnownFileType = sourcecode.c.objc; path = HTLoadingView.m; sourceTree = "<group>"; };
		A20000010000000000000017 /* HTPostListViewController.h */ = {isa = PBXFileReference; lastKnownFileType = sourcecode.c.h; path = HTPostListViewController.h; sourceTree = "<group>"; };
		A20000010000000000000018 /* HTPostListViewController.m */ = {isa = PBXFileReference; lastKnownFileType = sourcecode.c.objc; path = HTPostListViewController.m; sourceTree = "<group>"; };
		A20000010000000000000019 /* HTPostDetailViewController.h */ = {isa = PBXFileReference; lastKnownFileType = sourcecode.c.h; path = HTPostDetailViewController.h; sourceTree = "<group>"; };
		A20000010000000000000020 /* HTPostDetailViewController.m */ = {isa = PBXFileReference; lastKnownFileType = sourcecode.c.objc; path = HTPostDetailViewController.m; sourceTree = "<group>"; };
		A20000010000000000000021 /* HTPostFormViewController.h */ = {isa = PBXFileReference; lastKnownFileType = sourcecode.c.h; path = HTPostFormViewController.h; sourceTree = "<group>"; };
		A20000010000000000000022 /* HTPostFormViewController.m */ = {isa = PBXFileReference; lastKnownFileType = sourcecode.c.objc; path = HTPostFormViewController.m; sourceTree = "<group>"; };
		A20000010000000000000023 /* HTSampleDataProvider.h */ = {isa = PBXFileReference; lastKnownFileType = sourcecode.c.h; path = HTSampleDataProvider.h; sourceTree = "<group>"; };
		A20000010000000000000024 /* HTSampleDataProvider.m */ = {isa = PBXFileReference; lastKnownFileType = sourcecode.c.objc; path = HTSampleDataProvider.m; sourceTree = "<group>"; };
		A20000010000000000000025 /* Assets.xcassets */ = {isa = PBXFileReference; lastKnownFileType = folder.assetcatalog; path = Assets.xcassets; sourceTree = "<group>"; };
		A20000010000000000000026 /* Info.plist */ = {isa = PBXFileReference; lastKnownFileType = text.plist.xml; path = Info.plist; sourceTree = "<group>"; };
		A30000010000000000000001 /* DemoModule.app */ = {isa = PBXFileReference; explicitFileType = wrapper.application; includeInIndex = 0; path = DemoModule.app; sourceTree = BUILT_PRODUCTS_DIR; };
/* End PBXFileReference section */

/* Begin PBXFrameworksBuildPhase section */
		A40000010000000000000001 /* Frameworks */ = {
			isa = PBXFrameworksBuildPhase;
			buildActionMask = 2147483647;
			files = (
			);
			runOnlyForDeploymentPostprocessing = 0;
		};
/* End PBXFrameworksBuildPhase section */

/* Begin PBXGroup section */
		A50000010000000000000001 /* = */ = {
			isa = PBXGroup;
			children = (
				A50000010000000000000002 /* DemoModule */,
				A50000010000000000000010 /* Products */,
			);
			sourceTree = "<group>";
		};
		A50000010000000000000002 /* DemoModule */ = {
			isa = PBXGroup;
			children = (
				A20000010000000000000001 /* main.m */,
				A20000010000000000000002 /* AppDelegate.h */,
				A20000010000000000000003 /* AppDelegate.m */,
				A20000010000000000000026 /* Info.plist */,
				A20000010000000000000025 /* Assets.xcassets */,
				A50000010000000000000003 /* Module */,
			);
			path = DemoModule;
			sourceTree = "<group>";
		};
		A50000010000000000000003 /* Module */ = {
			isa = PBXGroup;
			children = (
				A20000010000000000000004 /* HTDemoModule.h */,
				A20000010000000000000005 /* HTDemoModule.m */,
				A20000010000000000000006 /* HTDemoModuleDelegate.h */,
				A50000010000000000000004 /* Networking */,
				A50000010000000000000005 /* Models */,
				A50000010000000000000006 /* Views */,
				A50000010000000000000007 /* Controllers */,
				A50000010000000000000008 /* SampleData */,
			);
			path = Module;
			sourceTree = "<group>";
		};
		A50000010000000000000004 /* Networking */ = {
			isa = PBXGroup;
			children = (
				A20000010000000000000007 /* HTAPIClient.h */,
				A20000010000000000000008 /* HTAPIClient.m */,
				A20000010000000000000009 /* HTAPIResponse.h */,
				A20000010000000000000010 /* HTAPIResponse.m */,
			);
			path = Networking;
			sourceTree = "<group>";
		};
		A50000010000000000000005 /* Models */ = {
			isa = PBXGroup;
			children = (
				A20000010000000000000011 /* HTPost.h */,
				A20000010000000000000012 /* HTPost.m */,
			);
			path = Models;
			sourceTree = "<group>";
		};
		A50000010000000000000006 /* Views */ = {
			isa = PBXGroup;
			children = (
				A20000010000000000000013 /* HTPostCell.h */,
				A20000010000000000000014 /* HTPostCell.m */,
				A20000010000000000000015 /* HTLoadingView.h */,
				A20000010000000000000016 /* HTLoadingView.m */,
			);
			path = Views;
			sourceTree = "<group>";
		};
		A50000010000000000000007 /* Controllers */ = {
			isa = PBXGroup;
			children = (
				A20000010000000000000017 /* HTPostListViewController.h */,
				A20000010000000000000018 /* HTPostListViewController.m */,
				A20000010000000000000019 /* HTPostDetailViewController.h */,
				A20000010000000000000020 /* HTPostDetailViewController.m */,
				A20000010000000000000021 /* HTPostFormViewController.h */,
				A20000010000000000000022 /* HTPostFormViewController.m */,
			);
			path = Controllers;
			sourceTree = "<group>";
		};
		A50000010000000000000008 /* SampleData */ = {
			isa = PBXGroup;
			children = (
				A20000010000000000000023 /* HTSampleDataProvider.h */,
				A20000010000000000000024 /* HTSampleDataProvider.m */,
			);
			path = SampleData;
			sourceTree = "<group>";
		};
		A50000010000000000000010 /* Products */ = {
			isa = PBXGroup;
			children = (
				A30000010000000000000001 /* DemoModule.app */,
			);
			name = Products;
			sourceTree = "<group>";
		};
/* End PBXGroup section */

/* Begin PBXNativeTarget section */
		A60000010000000000000001 /* DemoModule */ = {
			isa = PBXNativeTarget;
			buildConfigurationList = A80000010000000000000001 /* Build configuration list for PBXNativeTarget "DemoModule" */;
			buildPhases = (
				A70000010000000000000001 /* Sources */,
				A40000010000000000000001 /* Frameworks */,
				A70000010000000000000002 /* Resources */,
			);
			buildRules = (
			);
			dependencies = (
			);
			name = DemoModule;
			productName = DemoModule;
			productReference = A30000010000000000000001 /* DemoModule.app */;
			productType = "com.apple.product-type.application";
		};
/* End PBXNativeTarget section */

/* Begin PBXProject section */
		A90000010000000000000001 /* Project object */ = {
			isa = PBXProject;
			attributes = {
				BuildIndependentTargetsInParallel = 1;
				LastUpgradeCheck = 1500;
			};
			buildConfigurationList = A80000010000000000000002 /* Build configuration list for PBXProject "DemoModule" */;
			compatibilityVersion = "Xcode 14.0";
			developmentRegion = en;
			hasScannedForEncodings = 0;
			knownRegions = (
				en,
				Base,
			);
			mainGroup = A50000010000000000000001 /* = */;
			productRefGroup = A50000010000000000000010 /* Products */;
			projectDirPath = "";
			projectRoot = "";
			targets = (
				A60000010000000000000001 /* DemoModule */,
			);
		};
/* End PBXProject section */

/* Begin PBXResourcesBuildPhase section */
		A70000010000000000000002 /* Resources */ = {
			isa = PBXResourcesBuildPhase;
			buildActionMask = 2147483647;
			files = (
				A10000010000000000000013 /* Assets.xcassets in Resources */,
			);
			runOnlyForDeploymentPostprocessing = 0;
		};
/* End PBXResourcesBuildPhase section */

/* Begin PBXSourcesBuildPhase section */
		A70000010000000000000001 /* Sources */ = {
			isa = PBXSourcesBuildPhase;
			buildActionMask = 2147483647;
			files = (
				A10000010000000000000001 /* main.m in Sources */,
				A10000010000000000000002 /* AppDelegate.m in Sources */,
				A10000010000000000000003 /* HTDemoModule.m in Sources */,
				A10000010000000000000004 /* HTAPIClient.m in Sources */,
				A10000010000000000000005 /* HTAPIResponse.m in Sources */,
				A10000010000000000000006 /* HTPost.m in Sources */,
				A10000010000000000000007 /* HTPostCell.m in Sources */,
				A10000010000000000000008 /* HTLoadingView.m in Sources */,
				A10000010000000000000009 /* HTPostListViewController.m in Sources */,
				A10000010000000000000010 /* HTPostDetailViewController.m in Sources */,
				A10000010000000000000011 /* HTPostFormViewController.m in Sources */,
				A10000010000000000000012 /* HTSampleDataProvider.m in Sources */,
			);
			runOnlyForDeploymentPostprocessing = 0;
		};
/* End PBXSourcesBuildPhase section */

/* Begin XCBuildConfiguration section */
		B10000010000000000000001 /* Debug */ = {
			isa = XCBuildConfiguration;
			buildSettings = {
				ALWAYS_SEARCH_USER_PATHS = NO;
				ASSETCATALOG_COMPILER_GENERATE_SWIFT_ASSET_SYMBOL_EXTENSIONS = YES;
				CLANG_ANALYZER_NONNULL = YES;
				CLANG_ANALYZER_NUMBER_OBJECT_CONVERSION = YES_AGGRESSIVE;
				CLANG_CXX_LANGUAGE_STANDARD = "gnu++20";
				CLANG_ENABLE_MODULES = YES;
				CLANG_ENABLE_OBJC_ARC = YES;
				CLANG_ENABLE_OBJC_WEAK = YES;
				CLANG_WARN_BLOCK_CAPTURE_AUTORELEASING = YES;
				CLANG_WARN_BOOL_CONVERSION = YES;
				CLANG_WARN_COMMA = YES;
				CLANG_WARN_CONSTANT_CONVERSION = YES;
				CLANG_WARN_DEPRECATED_OBJC_IMPLEMENTATIONS = YES;
				CLANG_WARN_DIRECT_OBJC_ISA_USAGE = YES_ERROR;
				CLANG_WARN_DOCUMENTATION_COMMENTS = YES;
				CLANG_WARN_EMPTY_BODY = YES;
				CLANG_WARN_ENUM_CONVERSION = YES;
				CLANG_WARN_INFINITE_RECURSION = YES;
				CLANG_WARN_INT_CONVERSION = YES;
				CLANG_WARN_NON_LITERAL_NULL_CONVERSION = YES;
				CLANG_WARN_OBJC_IMPLICIT_RETAIN_SELF = YES;
				CLANG_WARN_OBJC_LITERAL_CONVERSION = YES;
				CLANG_WARN_OBJC_ROOT_CLASS = YES_ERROR;
				CLANG_WARN_QUOTED_INCLUDE_IN_FRAMEWORK_HEADER = YES;
				CLANG_WARN_RANGE_LOOP_ANALYSIS = YES;
				CLANG_WARN_STRICT_PROTOTYPES = YES;
				CLANG_WARN_SUSPICIOUS_MOVE = YES;
				CLANG_WARN_UNGUARDED_AVAILABILITY = YES_AGGRESSIVE;
				CLANG_WARN_UNREACHABLE_CODE = YES;
				CLANG_WARN__DUPLICATE_METHOD_MATCH = YES;
				COPY_PHASE_STRIP = NO;
				DEBUG_INFORMATION_FORMAT = dwarf;
				ENABLE_STRICT_OBJC_MSGSEND = YES;
				ENABLE_TESTABILITY = YES;
				GCC_C_LANGUAGE_STANDARD = gnu17;
				GCC_DYNAMIC_NO_PIC = NO;
				GCC_NO_COMMON_BLOCKS = YES;
				GCC_OPTIMIZATION_LEVEL = 0;
				GCC_PREPROCESSOR_DEFINITIONS = (
					"DEBUG=1",
					"$(inherited)",
				);
				GCC_WARN_64_TO_32_BIT_CONVERSION = YES;
				GCC_WARN_ABOUT_RETURN_TYPE = YES_ERROR;
				GCC_WARN_UNDECLARED_SELECTOR = YES;
				GCC_WARN_UNINITIALIZED_AUTOS = YES_AGGRESSIVE;
				GCC_WARN_UNUSED_FUNCTION = YES;
				GCC_WARN_UNUSED_VARIABLE = YES;
				IPHONEOS_DEPLOYMENT_TARGET = 15.0;
				MTL_ENABLE_DEBUG_INFO = INCLUDE_SOURCE;
				MTL_FAST_MATH = YES;
				ONLY_ACTIVE_ARCH = YES;
				SDKROOT = iphoneos;
			};
			name = Debug;
		};
		B10000010000000000000002 /* Release */ = {
			isa = XCBuildConfiguration;
			buildSettings = {
				ALWAYS_SEARCH_USER_PATHS = NO;
				ASSETCATALOG_COMPILER_GENERATE_SWIFT_ASSET_SYMBOL_EXTENSIONS = YES;
				CLANG_ANALYZER_NONNULL = YES;
				CLANG_ANALYZER_NUMBER_OBJECT_CONVERSION = YES_AGGRESSIVE;
				CLANG_CXX_LANGUAGE_STANDARD = "gnu++20";
				CLANG_ENABLE_MODULES = YES;
				CLANG_ENABLE_OBJC_ARC = YES;
				CLANG_ENABLE_OBJC_WEAK = YES;
				CLANG_WARN_BLOCK_CAPTURE_AUTORELEASING = YES;
				CLANG_WARN_BOOL_CONVERSION = YES;
				CLANG_WARN_COMMA = YES;
				CLANG_WARN_CONSTANT_CONVERSION = YES;
				CLANG_WARN_DEPRECATED_OBJC_IMPLEMENTATIONS = YES;
				CLANG_WARN_DIRECT_OBJC_ISA_USAGE = YES_ERROR;
				CLANG_WARN_DOCUMENTATION_COMMENTS = YES;
				CLANG_WARN_EMPTY_BODY = YES;
				CLANG_WARN_ENUM_CONVERSION = YES;
				CLANG_WARN_INFINITE_RECURSION = YES;
				CLANG_WARN_INT_CONVERSION = YES;
				CLANG_WARN_NON_LITERAL_NULL_CONVERSION = YES;
				CLANG_WARN_OBJC_IMPLICIT_RETAIN_SELF = YES;
				CLANG_WARN_OBJC_LITERAL_CONVERSION = YES;
				CLANG_WARN_OBJC_ROOT_CLASS = YES_ERROR;
				CLANG_WARN_QUOTED_INCLUDE_IN_FRAMEWORK_HEADER = YES;
				CLANG_WARN_RANGE_LOOP_ANALYSIS = YES;
				CLANG_WARN_STRICT_PROTOTYPES = YES;
				CLANG_WARN_SUSPICIOUS_MOVE = YES;
				CLANG_WARN_UNGUARDED_AVAILABILITY = YES_AGGRESSIVE;
				CLANG_WARN_UNREACHABLE_CODE = YES;
				CLANG_WARN__DUPLICATE_METHOD_MATCH = YES;
				COPY_PHASE_STRIP = NO;
				DEBUG_INFORMATION_FORMAT = "dwarf-with-dsym";
				ENABLE_NS_ASSERTIONS = NO;
				ENABLE_STRICT_OBJC_MSGSEND = YES;
				GCC_C_LANGUAGE_STANDARD = gnu17;
				GCC_NO_COMMON_BLOCKS = YES;
				GCC_WARN_64_TO_32_BIT_CONVERSION = YES;
				GCC_WARN_ABOUT_RETURN_TYPE = YES_ERROR;
				GCC_WARN_UNDECLARED_SELECTOR = YES;
				GCC_WARN_UNINITIALIZED_AUTOS = YES_AGGRESSIVE;
				GCC_WARN_UNUSED_FUNCTION = YES;
				GCC_WARN_UNUSED_VARIABLE = YES;
				IPHONEOS_DEPLOYMENT_TARGET = 15.0;
				MTL_FAST_MATH = YES;
				SDKROOT = iphoneos;
				VALIDATE_PRODUCT = YES;
			};
			name = Release;
		};
		B10000010000000000000003 /* Debug */ = {
			isa = XCBuildConfiguration;
			buildSettings = {
				ASSETCATALOG_COMPILER_APPICON_NAME = AppIcon;
				CODE_SIGN_STYLE = Automatic;
				INFOPLIST_FILE = DemoModule/Info.plist;
				IPHONEOS_DEPLOYMENT_TARGET = 15.0;
				LD_RUNPATH_SEARCH_PATHS = (
					"$(inherited)",
					"@executable_path/Frameworks",
				);
				PRODUCT_BUNDLE_IDENTIFIER = com.hautran.DemoModule;
				PRODUCT_NAME = "$(TARGET_NAME)";
				TARGETED_DEVICE_FAMILY = "1,2";
			};
			name = Debug;
		};
		B10000010000000000000004 /* Release */ = {
			isa = XCBuildConfiguration;
			buildSettings = {
				ASSETCATALOG_COMPILER_APPICON_NAME = AppIcon;
				CODE_SIGN_STYLE = Automatic;
				INFOPLIST_FILE = DemoModule/Info.plist;
				IPHONEOS_DEPLOYMENT_TARGET = 15.0;
				LD_RUNPATH_SEARCH_PATHS = (
					"$(inherited)",
					"@executable_path/Frameworks",
				);
				PRODUCT_BUNDLE_IDENTIFIER = com.hautran.DemoModule;
				PRODUCT_NAME = "$(TARGET_NAME)";
				TARGETED_DEVICE_FAMILY = "1,2";
			};
			name = Release;
		};
/* End XCBuildConfiguration section */

/* Begin XCConfigurationList section */
		A80000010000000000000001 /* Build configuration list for PBXNativeTarget "DemoModule" */ = {
			isa = XCConfigurationList;
			buildConfigurations = (
				B10000010000000000000003 /* Debug */,
				B10000010000000000000004 /* Release */,
			);
			defaultConfigurationIsVisible = 0;
			defaultConfigurationName = Release;
		};
		A80000010000000000000002 /* Build configuration list for PBXProject "DemoModule" */ = {
			isa = XCConfigurationList;
			buildConfigurations = (
				B10000010000000000000001 /* Debug */,
				B10000010000000000000002 /* Release */,
			);
			defaultConfigurationIsVisible = 0;
			defaultConfigurationName = Release;
		};
/* End XCConfigurationList section */

	};
	rootObject = A90000010000000000000001 /* Project object */;
}
